
Microsoft Visual Studio Solution File, Format Version 12.00
# Visual Studio 2013
VisualStudioVersion = 12.0.31101.0
MinimumVisualStudioVersion = 10.0.40219.1
Project("{FAE04EC0-301F-11D3-BF4B-00C04F79EFBC}") = "XamarinFormsExtendedSplashPage", "XamarinFormsExtendedSplashPage\XamarinFormsExtendedSplashPage\XamarinFormsExtendedSplashPage.csproj", "{75B506BB-5B61-4F83-B311-45AEF8A041ED}"
EndProject
Project("{FAE04EC0-301F-11D3-BF4B-00C04F79EFBC}") = "XamarinFormsExtendedSplashPage.iOS", "XamarinFormsExtendedSplashPage\XamarinFormsExtendedSplashPage.iOS\XamarinFormsExtendedSplashPage.iOS.csproj", "{AD2F0D74-A30A-4728-8ED3-FC6E2D77EABA}"
EndProject
Project("{FAE04EC0-301F-11D3-BF4B-00C04F79EFBC}") = "XamarinFormsExtendedSplashPage.Droid", "XamarinFormsExtendedSplashPage\XamarinFormsExtendedSplashPage.Droid\XamarinFormsExtendedSplashPage.Droid.csproj", "{DEA76E12-9796-470C-BCFB-B65E4C0FE2F1}"
EndProject
Project("{FAE04EC0-301F-11D3-BF4B-00C04F79EFBC}") = "XamarinFormsExtendedSplashPage.WinPhone", "XamarinFormsExtendedSplashPage\XamarinFormsExtendedSplashPage.WinPhone\XamarinFormsExtendedSplashPage.WinPhone.csproj", "{60D8B3C0-7E1C-4828-8B49-B7407F7819DF}"
EndProject
Global
	GlobalSection(SolutionConfigurationPlatforms) = preSolution
		Ad-Hoc|Any CPU = Ad-Hoc|Any CPU
		Ad-Hoc|ARM = Ad-Hoc|ARM
		Ad-Hoc|iPhone = Ad-Hoc|iPhone
		Ad-Hoc|iPhoneSimulator = Ad-Hoc|iPhoneSimulator
		Ad-Hoc|Mixed Platforms = Ad-Hoc|Mixed Platforms
		Ad-Hoc|x86 = Ad-Hoc|x86
		AppStore|Any CPU = AppStore|Any CPU
		AppStore|ARM = AppStore|ARM
		AppStore|iPhone = AppStore|iPhone
		AppStore|iPhoneSimulator = AppStore|iPhoneSimulator
		AppStore|Mixed Platforms = AppStore|Mixed Platforms
		AppStore|x86 = AppStore|x86
		Debug|Any CPU = Debug|Any CPU
		Debug|ARM = Debug|ARM
		Debug|iPhone = Debug|iPhone
		Debug|iPhoneSimulator = Debug|iPhoneSimulator
		Debug|Mixed Platforms = Debug|Mixed Platforms
		Debug|x86 = Debug|x86
		Release|Any CPU = Release|Any CPU
		Release|ARM = Release|ARM
		Release|iPhone = Release|iPhone
		Release|iPhoneSimulator = Release|iPhoneSimulator
		Release|Mixed Platforms = Release|Mixed Platforms
		Release|x86 = Release|x86
	EndGlobalSection
	GlobalSection(ProjectConfigurationPlatforms) = postSolution
		{75B506BB-5B61-4F83-B311-45AEF8A041ED}.Ad-Hoc|Any CPU.ActiveCfg = Release|Any CPU
		{75B506BB-5B61-4F83-B311-45AEF8A041ED}.Ad-Hoc|Any CPU.Build.0 = Release|Any CPU
		{75B506BB-5B61-4F83-B311-45AEF8A041ED}.Ad-Hoc|ARM.ActiveCfg = Release|Any CPU
		{75B506BB-5B61-4F83-B311-45AEF8A041ED}.Ad-Hoc|iPhone.ActiveCfg = Release|Any CPU
		{75B506BB-5B61-4F83-B311-45AEF8A041ED}.Ad-Hoc|iPhoneSimulator.ActiveCfg = Release|Any CPU
		{75B506BB-5B61-4F83-B311-45AEF8A041ED}.Ad-Hoc|Mixed Platforms.ActiveCfg = Release|Any CPU
		{75B506BB-5B61-4F83-B311-45AEF8A041ED}.Ad-Hoc|Mixed Platforms.Build.0 = Release|Any CPU
		{75B506BB-5B61-4F83-B311-45AEF8A041ED}.Ad-Hoc|x86.ActiveCfg = Release|Any CPU
		{75B506BB-5B61-4F83-B311-45AEF8A041ED}.AppStore|Any CPU.ActiveCfg = Release|Any CPU
		{75B506BB-5B61-4F83-B311-45AEF8A041ED}.AppStore|Any CPU.Build.0 = Release|Any CPU
		{75B506BB-5B61-4F83-B311-45AEF8A041ED}.AppStore|ARM.ActiveCfg = Release|Any CPU
		{75B506BB-5B61-4F83-B311-45AEF8A041ED}.AppStore|iPhone.ActiveCfg = Release|Any CPU
		{75B506BB-5B61-4F83-B311-45AEF8A041ED}.AppStore|iPhoneSimulator.ActiveCfg = Release|Any CPU
		{75B506BB-5B61-4F83-B311-45AEF8A041ED}.AppStore|Mixed Platforms.ActiveCfg = Release|Any CPU
		{75B506BB-5B61-4F83-B311-45AEF8A041ED}.AppStore|Mixed Platforms.Build.0 = Release|Any CPU
		{75B506BB-5B61-4F83-B311-45AEF8A041ED}.AppStore|x86.ActiveCfg = Release|Any CPU
		{75B506BB-5B61-4F83-B311-45AEF8A041ED}.Debug|Any CPU.ActiveCfg = Debug|Any CPU
		{75B506BB-5B61-4F83-B311-45AEF8A041ED}.Debug|Any CPU.Build.0 = Debug|Any CPU
		{75B506BB-5B61-4F83-B311-45AEF8A041ED}.Debug|ARM.ActiveCfg = Debug|Any CPU
		{75B506BB-5B61-4F83-B311-45AEF8A041ED}.Debug|iPhone.ActiveCfg = Debug|Any CPU
		{75B506BB-5B61-4F83-B311-45AEF8A041ED}.Debug|iPhoneSimulator.ActiveCfg = Debug|Any CPU
		{75B506BB-5B61-4F83-B311-45AEF8A041ED}.Debug|Mixed Platforms.ActiveCfg = Debug|Any CPU
		{75B506BB-5B61-4F83-B311-45AEF8A041ED}.Debug|Mixed Platforms.Build.0 = Debug|Any CPU
		{75B506BB-5B61-4F83-B311-45AEF8A041ED}.Debug|x86.ActiveCfg = Debug|Any CPU
		{75B506BB-5B61-4F83-B311-45AEF8A041ED}.Release|Any CPU.ActiveCfg = Release|Any CPU
		{75B506BB-5B61-4F83-B311-45AEF8A041ED}.Release|Any CPU.Build.0 = Release|Any CPU
		{75B506BB-5B61-4F83-B311-45AEF8A041ED}.Release|ARM.ActiveCfg = Release|Any CPU
		{75B506BB-5B61-4F83-B311-45AEF8A041ED}.Release|iPhone.ActiveCfg = Release|Any CPU
		{75B506BB-5B61-4F83-B311-45AEF8A041ED}.Release|iPhoneSimulator.ActiveCfg = Release|Any CPU
		{75B506BB-5B61-4F83-B311-45AEF8A041ED}.Release|Mixed Platforms.ActiveCfg = Release|Any CPU
		{75B506BB-5B61-4F83-B311-45AEF8A041ED}.Release|Mixed Platforms.Build.0 = Release|Any CPU
		{75B506BB-5B61-4F83-B311-45AEF8A041ED}.Release|x86.ActiveCfg = Release|Any CPU
		{AD2F0D74-A30A-4728-8ED3-FC6E2D77EABA}.Ad-Hoc|Any CPU.ActiveCfg = Ad-Hoc|iPhone
		{AD2F0D74-A30A-4728-8ED3-FC6E2D77EABA}.Ad-Hoc|ARM.ActiveCfg = Ad-Hoc|iPhone
		{AD2F0D74-A30A-4728-8ED3-FC6E2D77EABA}.Ad-Hoc|iPhone.ActiveCfg = Ad-Hoc|iPhone
		{AD2F0D74-A30A-4728-8ED3-FC6E2D77EABA}.Ad-Hoc|iPhone.Build.0 = Ad-Hoc|iPhone
		{AD2F0D74-A30A-4728-8ED3-FC6E2D77EABA}.Ad-Hoc|iPhoneSimulator.ActiveCfg = Ad-Hoc|iPhoneSimulator
		{AD2F0D74-A30A-4728-8ED3-FC6E2D77EABA}.Ad-Hoc|iPhoneSimulator.Build.0 = Ad-Hoc|iPhoneSimulator
		{AD2F0D74-A30A-4728-8ED3-FC6E2D77EABA}.Ad-Hoc|Mixed Platforms.ActiveCfg = Ad-Hoc|iPhone
		{AD2F0D74-A30A-4728-8ED3-FC6E2D77EABA}.Ad-Hoc|Mixed Platforms.Build.0 = Ad-Hoc|iPhone
		{AD2F0D74-A30A-4728-8ED3-FC6E2D77EABA}.Ad-Hoc|x86.ActiveCfg = Ad-Hoc|iPhone
		{AD2F0D74-A30A-4728-8ED3-FC6E2D77EABA}.AppStore|Any CPU.ActiveCfg = AppStore|iPhone
		{AD2F0D74-A30A-4728-8ED3-FC6E2D77EABA}.AppStore|ARM.ActiveCfg = AppStore|iPhone
		{AD2F0D74-A30A-4728-8ED3-FC6E2D77EABA}.AppStore|iPhone.ActiveCfg = AppStore|iPhone
		{AD2F0D74-A30A-4728-8ED3-FC6E2D77EABA}.AppStore|iPhone.Build.0 = AppStore|iPhone
		{AD2F0D74-A30A-4728-8ED3-FC6E2D77EABA}.AppStore|iPhoneSimulator.ActiveCfg = AppStore|iPhoneSimulator
		{AD2F0D74-A30A-4728-8ED3-FC6E2D77EABA}.AppStore|iPhoneSimulator.Build.0 = AppStore|iPhoneSimulator
		{AD2F0D74-A30A-4728-8ED3-FC6E2D77EABA}.AppStore|Mixed Platforms.ActiveCfg = AppStore|iPhone
		{AD2F0D74-A30A-4728-8ED3-FC6E2D77EABA}.AppStore|Mixed Platforms.Build.0 = AppStore|iPhone
		{AD2F0D74-A30A-4728-8ED3-FC6E2D77EABA}.AppStore|x86.ActiveCfg = AppStore|iPhone
		{AD2F0D74-A30A-4728-8ED3-FC6E2D77EABA}.Debug|Any CPU.ActiveCfg = Debug|iPhone
		{AD2F0D74-A30A-4728-8ED3-FC6E2D77EABA}.Debug|ARM.ActiveCfg = Debug|iPhone
		{AD2F0D74-A30A-4728-8ED3-FC6E2D77EABA}.Debug|iPhone.ActiveCfg = Debug|iPhone
		{AD2F0D74-A30A-4728-8ED3-FC6E2D77EABA}.Debug|iPhone.Build.0 = Debug|iPhone
		{AD2F0D74-A30A-4728-8ED3-FC6E2D77EABA}.Debug|iPhoneSimulator.ActiveCfg = Debug|iPhoneSimulator
		{AD2F0D74-A30A-4728-8ED3-FC6E2D77EABA}.Debug|iPhoneSimulator.Build.0 = Debug|iPhoneSimulator
		{AD2F0D74-A30A-4728-8ED3-FC6E2D77EABA}.Debug|Mixed Platforms.ActiveCfg = Debug|iPhone
		{AD2F0D74-A30A-4728-8ED3-FC6E2D77EABA}.Debug|Mixed Platforms.Build.0 = Debug|iPhone
		{AD2F0D74-A30A-4728-8ED3-FC6E2D77EABA}.Debug|x86.ActiveCfg = Debug|iPhone
		{AD2F0D74-A30A-4728-8ED3-FC6E2D77EABA}.Release|Any CPU.ActiveCfg = Release|iPhone
		{AD2F0D74-A30A-4728-8ED3-FC6E2D77EABA}.Release|ARM.ActiveCfg = Release|iPhone
		{AD2F0D74-A30A-4728-8ED3-FC6E2D77EABA}.Release|iPhone.ActiveCfg = Release|iPhone
		{AD2F0D74-A30A-4728-8ED3-FC6E2D77EABA}.Release|iPhone.Build.0 = Release|iPhone
		{AD2F0D74-A30A-4728-8ED3-FC6E2D77EABA}.Release|iPhoneSimulator.ActiveCfg = Release|iPhoneSimulator
		{AD2F0D74-A30A-4728-8ED3-FC6E2D77EABA}.Release|iPhoneSimulator.Build.0 = Release|iPhoneSimulator
		{AD2F0D74-A30A-4728-8ED3-FC6E2D77EABA}.Release|Mixed Platforms.ActiveCfg = Release|iPhone
		{AD2F0D74-A30A-4728-8ED3-FC6E2D77EABA}.Release|Mixed Platforms.Build.0 = Release|iPhone
		{AD2F0D74-A30A-4728-8ED3-FC6E2D77EABA}.Release|x86.ActiveCfg = Release|iPhone
		{DEA76E12-9796-470C-BCFB-B65E4C0FE2F1}.Ad-Hoc|Any CPU.ActiveCfg = Release|Any CPU
		{DEA76E12-9796-470C-BCFB-B65E4C0FE2F1}.Ad-Hoc|Any CPU.Build.0 = Release|Any CPU
		{DEA76E12-9796-470C-BCFB-B65E4C0FE2F1}.Ad-Hoc|Any CPU.Deploy.0 = Release|Any CPU
		{DEA76E12-9796-470C-BCFB-B65E4C0FE2F1}.Ad-Hoc|ARM.ActiveCfg = Release|Any CPU
		{DEA76E12-9796-470C-BCFB-B65E4C0FE2F1}.Ad-Hoc|iPhone.ActiveCfg = Release|Any CPU
		{DEA76E12-9796-470C-BCFB-B65E4C0FE2F1}.Ad-Hoc|iPhoneSimulator.ActiveCfg = Release|Any CPU
		{DEA76E12-9796-470C-BCFB-B65E4C0FE2F1}.Ad-Hoc|Mixed Platforms.ActiveCfg = Release|Any CPU
		{DEA76E12-9796-470C-BCFB-B65E4C0FE2F1}.Ad-Hoc|Mixed Platforms.Build.0 = Release|Any CPU
		{DEA76E12-9796-470C-BCFB-B65E4C0FE2F1}.Ad-Hoc|Mixed Platforms.Deploy.0 = Release|Any CPU
		{DEA76E12-9796-470C-BCFB-B65E4C0FE2F1}.Ad-Hoc|x86.ActiveCfg = Release|Any CPU
		{DEA76E12-9796-470C-BCFB-B65E4C0FE2F1}.AppStore|Any CPU.ActiveCfg = Release|Any CPU
		{DEA76E12-9796-470C-BCFB-B65E4C0FE2F1}.AppStore|Any CPU.Build.0 = Release|Any CPU
		{DEA76E12-9796-470C-BCFB-B65E4C0FE2F1}.AppStore|Any CPU.Deploy.0 = Release|Any CPU
		{DEA76E12-9796-470C-BCFB-B65E4C0FE2F1}.AppStore|ARM.ActiveCfg = Release|Any CPU
		{DEA76E12-9796-470C-BCFB-B65E4C0FE2F1}.AppStore|iPhone.ActiveCfg = Release|Any CPU
		{DEA76E12-9796-470C-BCFB-B65E4C0FE2F1}.AppStore|iPhoneSimulator.ActiveCfg = Release|Any CPU
		{DEA76E12-9796-470C-BCFB-B65E4C0FE2F1}.AppStore|Mixed Platforms.ActiveCfg = Release|Any CPU
		{DEA76E12-9796-470C-BCFB-B65E4C0FE2F1}.AppStore|Mixed Platforms.Build.0 = Release|Any CPU
		{DEA76E12-9796-470C-BCFB-B65E4C0FE2F1}.AppStore|Mixed Platforms.Deploy.0 = Release|Any CPU
		{DEA76E12-9796-470C-BCFB-B65E4C0FE2F1}.AppStore|x86.ActiveCfg = Release|Any CPU
		{DEA76E12-9796-470C-BCFB-B65E4C0FE2F1}.Debug|Any CPU.ActiveCfg = Debug|Any CPU
		{DEA76E12-9796-470C-BCFB-B65E4C0FE2F1}.Debug|Any CPU.Build.0 = Debug|Any CPU
		{DEA76E12-9796-470C-BCFB-B65E4C0FE2F1}.Debug|Any CPU.Deploy.0 = Debug|Any CPU
		{DEA76E12-9796-470C-BCFB-B65E4C0FE2F1}.Debug|ARM.ActiveCfg = Debug|Any CPU
		{DEA76E12-9796-470C-BCFB-B65E4C0FE2F1}.Debug|iPhone.ActiveCfg = Debug|Any CPU
		{DEA76E12-9796-470C-BCFB-B65E4C0FE2F1}.Debug|iPhoneSimulator.ActiveCfg = Debug|Any CPU
		{DEA76E12-9796-470C-BCFB-B65E4C0FE2F1}.Debug|Mixed Platforms.ActiveCfg = Debug|Any CPU
		{DEA76E12-9796-470C-BCFB-B65E4C0FE2F1}.Debug|Mixed Platforms.Build.0 = Debug|Any CPU
		{DEA76E12-9796-470C-BCFB-B65E4C0FE2F1}.Debug|Mixed Platforms.Deploy.0 = Debug|Any CPU
		{DEA76E12-9796-470C-BCFB-B65E4C0FE2F1}.Debug|x86.ActiveCfg = Debug|Any CPU
		{DEA76E12-9796-470C-BCFB-B65E4C0FE2F1}.Release|Any CPU.ActiveCfg = Release|Any CPU
		{DEA76E12-9796-470C-BCFB-B65E4C0FE2F1}.Release|Any CPU.Build.0 = Release|Any CPU
		{DEA76E12-9796-470C-BCFB-B65E4C0FE2F1}.Release|Any CPU.Deploy.0 = Release|Any CPU
		{DEA76E12-9796-470C-BCFB-B65E4C0FE2F1}.Release|ARM.ActiveCfg = Release|Any CPU
		{DEA76E12-9796-470C-BCFB-B65E4C0FE2F1}.Release|iPhone.ActiveCfg = Release|Any CPU
		{DEA76E12-9796-470C-BCFB-B65E4C0FE2F1}.Release|iPhoneSimulator.ActiveCfg = Release|Any CPU
		{DEA76E12-9796-470C-BCFB-B65E4C0FE2F1}.Release|Mixed Platforms.ActiveCfg = Release|Any CPU
		{DEA76E12-9796-470C-BCFB-B65E4C0FE2F1}.Release|Mixed Platforms.Build.0 = Release|Any CPU
		{DEA76E12-9796-470C-BCFB-B65E4C0FE2F1}.Release|Mixed Platforms.Deploy.0 = Release|Any CPU
		{DEA76E12-9796-470C-BCFB-B65E4C0FE2F1}.Release|x86.ActiveCfg = Release|Any CPU
		{60D8B3C0-7E1C-4828-8B49-B7407F7819DF}.Ad-Hoc|Any CPU.ActiveCfg = Release|Any CPU
		{60D8B3C0-7E1C-4828-8B49-B7407F7819DF}.Ad-Hoc|Any CPU.Build.0 = Release|Any CPU
		{60D8B3C0-7E1C-4828-8B49-B7407F7819DF}.Ad-Hoc|Any CPU.Deploy.0 = Release|Any CPU
		{60D8B3C0-7E1C-4828-8B49-B7407F7819DF}.Ad-Hoc|ARM.ActiveCfg = Release|ARM
		{60D8B3C0-7E1C-4828-8B49-B7407F7819DF}.Ad-Hoc|ARM.Build.0 = Release|ARM
		{60D8B3C0-7E1C-4828-8B49-B7407F7819DF}.Ad-Hoc|ARM.Deploy.0 = Release|ARM
		{60D8B3C0-7E1C-4828-8B49-B7407F7819DF}.Ad-Hoc|iPhone.ActiveCfg = Release|Any CPU
		{60D8B3C0-7E1C-4828-8B49-B7407F7819DF}.Ad-Hoc|iPhoneSimulator.ActiveCfg = Release|Any CPU
		{60D8B3C0-7E1C-4828-8B49-B7407F7819DF}.Ad-Hoc|Mixed Platforms.ActiveCfg = Release|x86
		{60D8B3C0-7E1C-4828-8B49-B7407F7819DF}.Ad-Hoc|Mixed Platforms.Build.0 = Release|x86
		{60D8B3C0-7E1C-4828-8B49-B7407F7819DF}.Ad-Hoc|Mixed Platforms.Deploy.0 = Release|x86
		{60D8B3C0-7E1C-4828-8B49-B7407F7819DF}.Ad-Hoc|x86.ActiveCfg = Release|x86
		{60D8B3C0-7E1C-4828-8B49-B7407F7819DF}.Ad-Hoc|x86.Build.0 = Release|x86
		{60D8B3C0-7E1C-4828-8B49-B7407F7819DF}.Ad-Hoc|x86.Deploy.0 = Release|x86
		{60D8B3C0-7E1C-4828-8B49-B7407F7819DF}.AppStore|Any CPU.ActiveCfg = Release|Any CPU
		{60D8B3C0-7E1C-4828-8B49-B7407F7819DF}.AppStore|Any CPU.Build.0 = Release|Any CPU
		{60D8B3C0-7E1C-4828-8B49-B7407F7819DF}.AppStore|Any CPU.Deploy.0 = Release|Any CPU
		{60D8B3C0-7E1C-4828-8B49-B7407F7819DF}.AppStore|ARM.ActiveCfg = Release|ARM
		{60D8B3C0-7E1C-4828-8B49-B7407F7819DF}.AppStore|ARM.Build.0 = Release|ARM
		{60D8B3C0-7E1C-4828-8B49-B7407F7819DF}.AppStore|ARM.Deploy.0 = Release|ARM
		{60D8B3C0-7E1C-4828-8B49-B7407F7819DF}.AppStore|iPhone.ActiveCfg = Release|Any CPU
		{60D8B3C0-7E1C-4828-8B49-B7407F7819DF}.AppStore|iPhoneSimulator.ActiveCfg = Release|Any CPU
		{60D8B3C0-7E1C-4828-8B49-B7407F7819DF}.AppStore|Mixed Platforms.ActiveCfg = Release|x86
		{60D8B3C0-7E1C-4828-8B49-B7407F7819DF}.AppStore|Mixed Platforms.Build.0 = Release|x86
		{60D8B3C0-7E1C-4828-8B49-B7407F7819DF}.AppStore|Mixed Platforms.Deploy.0 = Release|x86
		{60D8B3C0-7E1C-4828-8B49-B7407F7819DF}.AppStore|x86.ActiveCfg = Release|x86
		{60D8B3C0-7E1C-4828-8B49-B7407F7819DF}.AppStore|x86.Build.0 = Release|x86
		{60D8B3C0-7E1C-4828-8B49-B7407F7819DF}.AppStore|x86.Deploy.0 = Release|x86
		{60D8B3C0-7E1C-4828-8B49-B7407F7819DF}.Debug|Any CPU.ActiveCfg = Debug|Any CPU
		{60D8B3C0-7E1C-4828-8B49-B7407F7819DF}.Debug|Any CPU.Build.0 = Debug|Any CPU
		{60D8B3C0-7E1C-4828-8B49-B7407F7819DF}.Debug|Any CPU.Deploy.0 = Debug|Any CPU
		{60D8B3C0-7E1C-4828-8B49-B7407F7819DF}.Debug|ARM.ActiveCfg = Debug|ARM
		{60D8B3C0-7E1C-4828-8B49-B7407F7819DF}.Debug|ARM.Build.0 = Debug|ARM
		{60D8B3C0-7E1C-4828-8B49-B7407F7819DF}.Debug|ARM.Deploy.0 = Debug|ARM
		{60D8B3C0-7E1C-4828-8B49-B7407F7819DF}.Debug|iPhone.ActiveCfg = Debug|Any CPU
		{60D8B3C0-7E1C-4828-8B49-B7407F7819DF}.Debug|iPhoneSimulator.ActiveCfg = Debug|Any CPU
		{60D8B3C0-7E1C-4828-8B49-B7407F7819DF}.Debug|Mixed Platforms.ActiveCfg = Debug|x86
		{60D8B3C0-7E1C-4828-8B49-B7407F7819DF}.Debug|Mixed Platforms.Build.0 = Debug|x86
		{60D8B3C0-7E1C-4828-8B49-B7407F7819DF}.Debug|Mixed Platforms.Deploy.0 = Debug|x86
		{60D8B3C0-7E1C-4828-8B49-B7407F7819DF}.Debug|x86.ActiveCfg = Debug|x86
		{60D8B3C0-7E1C-4828-8B49-B7407F7819DF}.Debug|x86.Build.0 = Debug|x86
		{60D8B3C0-7E1C-4828-8B49-B7407F7819DF}.Debug|x86.Deploy.0 = Debug|x86
		{60D8B3C0-7E1C-4828-8B49-B7407F7819DF}.Release|Any CPU.ActiveCfg = Release|Any CPU
		{60D8B3C0-7E1C-4828-8B49-B7407F7819DF}.Release|Any CPU.Build.0 = Release|Any CPU
		{60D8B3C0-7E1C-4828-8B49-B7407F7819DF}.Release|Any CPU.Deploy.0 = Release|Any CPU
		{60D8B3C0-7E1C-4828-8B49-B7407F7819DF}.Release|ARM.ActiveCfg = Release|ARM
		{60D8B3C0-7E1C-4828-8B49-B7407F7819DF}.Release|ARM.Build.0 = Release|ARM
		{60D8B3C0-7E1C-4828-8B49-B7407F7819DF}.Release|ARM.Deploy.0 = Release|ARM
		{60D8B3C0-7E1C-4828-8B49-B7407F7819DF}.Release|iPhone.ActiveCfg = Release|Any CPU
		{60D8B3C0-7E1C-4828-8B49-B7407F7819DF}.Release|iPhoneSimulator.ActiveCfg = Release|Any CPU
		{60D8B3C0-7E1C-4828-8B49-B7407F7819DF}.Release|Mixed Platforms.ActiveCfg = Release|x86
		{60D8B3C0-7E1C-4828-8B49-B7407F7819DF}.Release|Mixed Platforms.Build.0 = Release|x86
		{60D8B3C0-7E1C-4828-8B49-B7407F7819DF}.Release|Mixed Platforms.Deploy.0 = Release|x86
		{60D8B3C0-7E1C-4828-8B49-B7407F7819DF}.Release|x86.ActiveCfg = Release|x86
		{60D8B3C0-7E1C-4828-8B49-B7407F7819DF}.Release|x86.Build.0 = Release|x86
		{60D8B3C0-7E1C-4828-8B49-B7407F7819DF}.Release|x86.Deploy.0 = Release|x86
	EndGlobalSection
	GlobalSection(SolutionProperties) = preSolution
		HideSolutionNode = FALSE
	EndGlobalSection
EndGlobal
